// !$*UTF8*$!
{
	archiveVersion = 1;
	classes = {
	};
	objectVersion = 50;
	objects = {

/* Begin PBXBuildFile section */
		E44A5E520BC78E1D026B827D /* Pods_myPrApp.framework in Frameworks */ = {isa = PBXBuildFile; fileRef = A903A2EA47A144E770857B5E /* Pods_myPrApp.framework */; };
		E505D81F21E332C800F1866E /* QuestionViewController.swift in Sources */ = {isa = PBXBuildFile; fileRef = E505D81E21E332C800F1866E /* QuestionViewController.swift */; };
		E505D82621E5BE5C00F1866E /* subQuestionViewController.swift in Sources */ = {isa = PBXBuildFile; fileRef = E505D82521E5BE5C00F1866E /* subQuestionViewController.swift */; };
		E524E39121DF3D8D009AF942 /* PrepareTopViewController.swift in Sources */ = {isa = PBXBuildFile; fileRef = E524E39021DF3D8D009AF942 /* PrepareTopViewController.swift */; };
		E52D624C21E5DF2F00754FCE /* DepDateTimeViewController.swift in Sources */ = {isa = PBXBuildFile; fileRef = E52D624B21E5DF2F00754FCE /* DepDateTimeViewController.swift */; };
		E548BA1321F9E6D6006CEDAC /* arrow.png in Resources */ = {isa = PBXBuildFile; fileRef = E548BA1221F9E6D5006CEDAC /* arrow.png */; };
		E548BA1521FAD987006CEDAC /* simplebag.png in Resources */ = {isa = PBXBuildFile; fileRef = E548BA1421FAD986006CEDAC /* simplebag.png */; };
		E550C35422003EB300861D55 /* 3101-first-checked.json in Resources */ = {isa = PBXBuildFile; fileRef = E550C35322003EB200861D55 /* 3101-first-checked.json */; };
		E55BFF2121EC63ED00CF1CFC /* SetUserViewController.swift in Sources */ = {isa = PBXBuildFile; fileRef = E55BFF2021EC63ED00CF1CFC /* SetUserViewController.swift */; };
		E55BFF2321EDBA7300CF1CFC /* Button_Custom.swift in Sources */ = {isa = PBXBuildFile; fileRef = E55BFF2221EDBA7300CF1CFC /* Button_Custom.swift */; };
		E55BFF2821EDC64400CF1CFC /* BelongingConfirmViewController.swift in Sources */ = {isa = PBXBuildFile; fileRef = E55BFF2721EDC64400CF1CFC /* BelongingConfirmViewController.swift */; };
		E55BFF4D21EF131800CF1CFC /* cameraViewController.swift in Sources */ = {isa = PBXBuildFile; fileRef = E55BFF4C21EF131800CF1CFC /* cameraViewController.swift */; };
		E5D247602201DE6B009D7022 /* Don't Forget!.png in Resources */ = {isa = PBXBuildFile; fileRef = E5D2475F2201DE6B009D7022 /* Don't Forget!.png */; };
		E5D24797220369F9009D7022 /* GroomingCameraViewController.swift in Sources */ = {isa = PBXBuildFile; fileRef = E5D24796220369F9009D7022 /* GroomingCameraViewController.swift */; };
		E5D2479B22041250009D7022 /* FinishPreparingViewController.swift in Sources */ = {isa = PBXBuildFile; fileRef = E5D2479A22041250009D7022 /* FinishPreparingViewController.swift */; };
		E5D2479D220413CB009D7022 /* 3091-process-complete.json in Resources */ = {isa = PBXBuildFile; fileRef = E5D2479C220413CB009D7022 /* 3091-process-complete.json */; };
		E5EA43A021D8D0E00053FAEC /* AppDelegate.swift in Sources */ = {isa = PBXBuildFile; fileRef = E5EA439F21D8D0E00053FAEC /* AppDelegate.swift */; };
		E5EA43A221D8D0E00053FAEC /* ViewController.swift in Sources */ = {isa = PBXBuildFile; fileRef = E5EA43A121D8D0E00053FAEC /* ViewController.swift */; };
		E5EA43A521D8D0E00053FAEC /* Main.storyboard in Resources */ = {isa = PBXBuildFile; fileRef = E5EA43A321D8D0E00053FAEC /* Main.storyboard */; };
		E5EA43A821D8D0E00053FAEC /* myPrApp.xcdatamodeld in Sources */ = {isa = PBXBuildFile; fileRef = E5EA43A621D8D0E00053FAEC /* myPrApp.xcdatamodeld */; };
		E5EA43AA21D8D0E10053FAEC /* Assets.xcassets in Resources */ = {isa = PBXBuildFile; fileRef = E5EA43A921D8D0E10053FAEC /* Assets.xcassets */; };
		E5EA43AD21D8D0E10053FAEC /* LaunchScreen.storyboard in Resources */ = {isa = PBXBuildFile; fileRef = E5EA43AB21D8D0E10053FAEC /* LaunchScreen.storyboard */; };
		E5EA43B521D8D1520053FAEC /* preparation.png in Resources */ = {isa = PBXBuildFile; fileRef = E5EA43B421D8D1520053FAEC /* preparation.png */; };
		E5EA43B721D8D1890053FAEC /* setting.png in Resources */ = {isa = PBXBuildFile; fileRef = E5EA43B621D8D1890053FAEC /* setting.png */; };
		E5EA43B921D9130E0053FAEC /* LangViewController.swift in Sources */ = {isa = PBXBuildFile; fileRef = E5EA43B821D9130E0053FAEC /* LangViewController.swift */; };
		E5EA43BB21D9CBD80053FAEC /* Langage.png in Resources */ = {isa = PBXBuildFile; fileRef = E5EA43BA21D9CBD80053FAEC /* Langage.png */; };
		E5EA43BD21DA09990053FAEC /* UserTypeViewController.swift in Sources */ = {isa = PBXBuildFile; fileRef = E5EA43BC21DA09990053FAEC /* UserTypeViewController.swift */; };
/* End PBXBuildFile section */

/* Begin PBXFileReference section */
		175ED541D5F2C456E53AB28B /* Pods-myPrApp.release.xcconfig */ = {isa = PBXFileReference; includeInIndex = 1; lastKnownFileType = text.xcconfig; name = "Pods-myPrApp.release.xcconfig"; path = "Pods/Target Support Files/Pods-myPrApp/Pods-myPrApp.release.xcconfig"; sourceTree = "<group>"; };
		667E2EB321B83BC429C8F7E1 /* Pods-myPrApp.debug.xcconfig */ = {isa = PBXFileReference; includeInIndex = 1; lastKnownFileType = text.xcconfig; name = "Pods-myPrApp.debug.xcconfig"; path = "Pods/Target Support Files/Pods-myPrApp/Pods-myPrApp.debug.xcconfig"; sourceTree = "<group>"; };
		A903A2EA47A144E770857B5E /* Pods_myPrApp.framework */ = {isa = PBXFileReference; explicitFileType = wrapper.framework; includeInIndex = 0; path = Pods_myPrApp.framework; sourceTree = BUILT_PRODUCTS_DIR; };
		E505D81E21E332C800F1866E /* QuestionViewController.swift */ = {isa = PBXFileReference; lastKnownFileType = sourcecode.swift; path = QuestionViewController.swift; sourceTree = "<group>"; };
		E505D82521E5BE5C00F1866E /* subQuestionViewController.swift */ = {isa = PBXFileReference; lastKnownFileType = sourcecode.swift; path = subQuestionViewController.swift; sourceTree = "<group>"; };
		E524E39021DF3D8D009AF942 /* PrepareTopViewController.swift */ = {isa = PBXFileReference; lastKnownFileType = sourcecode.swift; path = PrepareTopViewController.swift; sourceTree = "<group>"; };
		E52D624B21E5DF2F00754FCE /* DepDateTimeViewController.swift */ = {isa = PBXFileReference; lastKnownFileType = sourcecode.swift; path = DepDateTimeViewController.swift; sourceTree = "<group>"; };
		E548BA1221F9E6D5006CEDAC /* arrow.png */ = {isa = PBXFileReference; lastKnownFileType = image.png; path = arrow.png; sourceTree = "<group>"; };
		E548BA1421FAD986006CEDAC /* simplebag.png */ = {isa = PBXFileReference; lastKnownFileType = image.png; path = simplebag.png; sourceTree = "<group>"; };
		E550C35322003EB200861D55 /* 3101-first-checked.json */ = {isa = PBXFileReference; fileEncoding = 4; lastKnownFileType = text.json; path = "3101-first-checked.json"; sourceTree = "<group>"; };
		E55BFF2021EC63ED00CF1CFC /* SetUserViewController.swift */ = {isa = PBXFileReference; lastKnownFileType = sourcecode.swift; path = SetUserViewController.swift; sourceTree = "<group>"; };
		E55BFF2221EDBA7300CF1CFC /* Button_Custom.swift */ = {isa = PBXFileReference; lastKnownFileType = sourcecode.swift; path = Button_Custom.swift; sourceTree = "<group>"; };
		E55BFF2721EDC64400CF1CFC /* BelongingConfirmViewController.swift */ = {isa = PBXFileReference; lastKnownFileType = sourcecode.swift; path = BelongingConfirmViewController.swift; sourceTree = "<group>"; };
		E55BFF4C21EF131800CF1CFC /* cameraViewController.swift */ = {isa = PBXFileReference; lastKnownFileType = sourcecode.swift; path = cameraViewController.swift; sourceTree = "<group>"; };
		E5D2475F2201DE6B009D7022 /* Don't Forget!.png */ = {isa = PBXFileReference; lastKnownFileType = image.png; name = "Don't Forget!.png"; path = "../../../Don't Forget!.png"; sourceTree = "<group>"; };
		E5D24796220369F9009D7022 /* GroomingCameraViewController.swift */ = {isa = PBXFileReference; lastKnownFileType = sourcecode.swift; path = GroomingCameraViewController.swift; sourceTree = "<group>"; };
		E5D2479A22041250009D7022 /* FinishPreparingViewController.swift */ = {isa = PBXFileReference; lastKnownFileType = sourcecode.swift; name = FinishPreparingViewController.swift; path = myPrApp/FinishPreparingViewController.swift; sourceTree = "<group>"; };
		E5D2479C220413CB009D7022 /* 3091-process-complete.json */ = {isa = PBXFileReference; fileEncoding = 4; lastKnownFileType = text.json; path = "3091-process-complete.json"; sourceTree = "<group>"; };
		E5EA439C21D8D0E00053FAEC /* myPrApp.app */ = {isa = PBXFileReference; explicitFileType = wrapper.application; includeInIndex = 0; path = myPrApp.app; sourceTree = BUILT_PRODUCTS_DIR; };
		E5EA439F21D8D0E00053FAEC /* AppDelegate.swift */ = {isa = PBXFileReference; lastKnownFileType = sourcecode.swift; path = AppDelegate.swift; sourceTree = "<group>"; };
		E5EA43A121D8D0E00053FAEC /* ViewController.swift */ = {isa = PBXFileReference; lastKnownFileType = sourcecode.swift; path = ViewController.swift; sourceTree = "<group>"; };
		E5EA43A421D8D0E00053FAEC /* Base */ = {isa = PBXFileReference; lastKnownFileType = file.storyboard; name = Base; path = Base.lproj/Main.storyboard; sourceTree = "<group>"; };
		E5EA43A721D8D0E00053FAEC /* myPrApp.xcdatamodel */ = {isa = PBXFileReference; lastKnownFileType = wrapper.xcdatamodel; path = myPrApp.xcdatamodel; sourceTree = "<group>"; };
		E5EA43A921D8D0E10053FAEC /* Assets.xcassets */ = {isa = PBXFileReference; lastKnownFileType = folder.assetcatalog; path = Assets.xcassets; sourceTree = "<group>"; };
		E5EA43AC21D8D0E10053FAEC /* Base */ = {isa = PBXFileReference; lastKnownFileType = file.storyboard; name = Base; path = Base.lproj/LaunchScreen.storyboard; sourceTree = "<group>"; };
		E5EA43AE21D8D0E10053FAEC /* Info.plist */ = {isa = PBXFileReference; lastKnownFileType = text.plist.xml; path = Info.plist; sourceTree = "<group>"; };
		E5EA43B421D8D1520053FAEC /* preparation.png */ = {isa = PBXFileReference; lastKnownFileType = image.png; path = preparation.png; sourceTree = "<group>"; };
		E5EA43B621D8D1890053FAEC /* setting.png */ = {isa = PBXFileReference; lastKnownFileType = image.png; path = setting.png; sourceTree = "<group>"; };
		E5EA43B821D9130E0053FAEC /* LangViewController.swift */ = {isa = PBXFileReference; lastKnownFileType = sourcecode.swift; path = LangViewController.swift; sourceTree = "<group>"; };
		E5EA43BA21D9CBD80053FAEC /* Langage.png */ = {isa = PBXFileReference; lastKnownFileType = image.png; path = Langage.png; sourceTree = "<group>"; };
		E5EA43BC21DA09990053FAEC /* UserTypeViewController.swift */ = {isa = PBXFileReference; lastKnownFileType = sourcecode.swift; path = UserTypeViewController.swift; sourceTree = "<group>"; };
/* End PBXFileReference section */

/* Begin PBXFrameworksBuildPhase section */
		E5EA439921D8D0E00053FAEC /* Frameworks */ = {
			isa = PBXFrameworksBuildPhase;
			buildActionMask = 2147483647;
			files = (
				E44A5E520BC78E1D026B827D /* Pods_myPrApp.framework in Frameworks */,
			);
			runOnlyForDeploymentPostprocessing = 0;
		};
/* End PBXFrameworksBuildPhase section */

/* Begin PBXGroup section */
		33158171E1DB197C96932DB3 /* Pods */ = {
			isa = PBXGroup;
			children = (
				667E2EB321B83BC429C8F7E1 /* Pods-myPrApp.debug.xcconfig */,
				175ED541D5F2C456E53AB28B /* Pods-myPrApp.release.xcconfig */,
			);
			name = Pods;
			sourceTree = "<group>";
		};
		A1E5B7A94B27F080356F3A45 /* Frameworks */ = {
			isa = PBXGroup;
			children = (
				A903A2EA47A144E770857B5E /* Pods_myPrApp.framework */,
			);
			name = Frameworks;
			sourceTree = "<group>";
		};
		E505D82421E5BE1E00F1866E /* Questions */ = {
			isa = PBXGroup;
			children = (
				E505D81E21E332C800F1866E /* QuestionViewController.swift */,
				E505D82521E5BE5C00F1866E /* subQuestionViewController.swift */,
			);
			path = Questions;
			sourceTree = "<group>";
		};
		E505D82721E5CC3900F1866E /* UserTypes */ = {
			isa = PBXGroup;
			children = (
				E5EA43BC21DA09990053FAEC /* UserTypeViewController.swift */,
			);
			path = UserTypes;
			sourceTree = "<group>";
		};
		E55BFF2421EDBA8300CF1CFC /* Preparation */ = {
			isa = PBXGroup;
			children = (
				E524E39021DF3D8D009AF942 /* PrepareTopViewController.swift */,
			);
			path = Preparation;
			sourceTree = "<group>";
		};
		E55BFF4E21EF133900CF1CFC /* Camera */ = {
			isa = PBXGroup;
			children = (
				E55BFF4C21EF131800CF1CFC /* cameraViewController.swift */,
			);
			path = Camera;
			sourceTree = "<group>";
		};
		E55BFF4F21EF135800CF1CFC /* BelongingConfirm */ = {
			isa = PBXGroup;
			children = (
				E55BFF2721EDC64400CF1CFC /* BelongingConfirmViewController.swift */,
			);
			path = BelongingConfirm;
			sourceTree = "<group>";
		};
		E55BFF5021EF139900CF1CFC /* SetUser */ = {
			isa = PBXGroup;
			children = (
				E55BFF2021EC63ED00CF1CFC /* SetUserViewController.swift */,
			);
			path = SetUser;
			sourceTree = "<group>";
		};
		E55BFF5121EF13C200CF1CFC /* DepDate */ = {
			isa = PBXGroup;
			children = (
				E52D624B21E5DF2F00754FCE /* DepDateTimeViewController.swift */,
			);
			path = DepDate;
			sourceTree = "<group>";
		};
		E55BFF5221EF13E500CF1CFC /* LangView */ = {
			isa = PBXGroup;
			children = (
				E5EA43B821D9130E0053FAEC /* LangViewController.swift */,
			);
			path = LangView;
			sourceTree = "<group>";
		};
		E5EA439321D8D0E00053FAEC = {
			isa = PBXGroup;
			children = (
				E5D2479A22041250009D7022 /* FinishPreparingViewController.swift */,
				E5EA439E21D8D0E00053FAEC /* myPrApp */,
				E5EA439D21D8D0E00053FAEC /* Products */,
				33158171E1DB197C96932DB3 /* Pods */,
				A1E5B7A94B27F080356F3A45 /* Frameworks */,
			);
			sourceTree = "<group>";
		};
		E5EA439D21D8D0E00053FAEC /* Products */ = {
			isa = PBXGroup;
			children = (
				E5EA439C21D8D0E00053FAEC /* myPrApp.app */,
			);
			name = Products;
			sourceTree = "<group>";
		};
		E5EA439E21D8D0E00053FAEC /* myPrApp */ = {
			isa = PBXGroup;
			children = (
				E5EA439F21D8D0E00053FAEC /* AppDelegate.swift */,
				E55BFF2221EDBA7300CF1CFC /* Button_Custom.swift */,
				E5EA43A121D8D0E00053FAEC /* ViewController.swift */,
				E55BFF5221EF13E500CF1CFC /* LangView */,
				E55BFF5021EF139900CF1CFC /* SetUser */,
				E505D82721E5CC3900F1866E /* UserTypes */,
				E505D82421E5BE1E00F1866E /* Questions */,
				E55BFF2421EDBA8300CF1CFC /* Preparation */,
				E55BFF4E21EF133900CF1CFC /* Camera */,
				E55BFF4F21EF135800CF1CFC /* BelongingConfirm */,
				E55BFF5121EF13C200CF1CFC /* DepDate */,
				E5EA43BA21D9CBD80053FAEC /* Langage.png */,
				E5D24796220369F9009D7022 /* GroomingCameraViewController.swift */,
				E5EA43B421D8D1520053FAEC /* preparation.png */,
				E5EA43B621D8D1890053FAEC /* setting.png */,
				E548BA1221F9E6D5006CEDAC /* arrow.png */,
				E548BA1421FAD986006CEDAC /* simplebag.png */,
				E5D2475F2201DE6B009D7022 /* Don't Forget!.png */,
				E5D2479C220413CB009D7022 /* 3091-process-complete.json */,
				E550C35322003EB200861D55 /* 3101-first-checked.json */,
				E5EA43A321D8D0E00053FAEC /* Main.storyboard */,
				E5EA43A921D8D0E10053FAEC /* Assets.xcassets */,
				E5EA43AB21D8D0E10053FAEC /* LaunchScreen.storyboard */,
				E5EA43AE21D8D0E10053FAEC /* Info.plist */,
				E5EA43A621D8D0E00053FAEC /* myPrApp.xcdatamodeld */,
			);
			path = myPrApp;
			sourceTree = "<group>";
		};
/* End PBXGroup section */

/* Begin PBXNativeTarget section */
		E5EA439B21D8D0E00053FAEC /* myPrApp */ = {
			isa = PBXNativeTarget;
			buildConfigurationList = E5EA43B121D8D0E10053FAEC /* Build configuration list for PBXNativeTarget "myPrApp" */;
			buildPhases = (
				94F3EC66F66243D4BEAF63C9 /* [CP] Check Pods Manifest.lock */,
				E5EA439821D8D0E00053FAEC /* Sources */,
				E5EA439921D8D0E00053FAEC /* Frameworks */,
				E5EA439A21D8D0E00053FAEC /* Resources */,
				2A3A56BA758599D4574A4F9A /* [CP] Embed Pods Frameworks */,
			);
			buildRules = (
			);
			dependencies = (
			);
			name = myPrApp;
			productName = myPrApp;
			productReference = E5EA439C21D8D0E00053FAEC /* myPrApp.app */;
			productType = "com.apple.product-type.application";
		};
/* End PBXNativeTarget section */

/* Begin PBXProject section */
		E5EA439421D8D0E00053FAEC /* Project object */ = {
			isa = PBXProject;
			attributes = {
				LastSwiftUpdateCheck = 1010;
				LastUpgradeCheck = 1010;
				ORGANIZATIONNAME = "Kazuya Nakazato";
				TargetAttributes = {
					E5EA439B21D8D0E00053FAEC = {
						CreatedOnToolsVersion = 10.1;
					};
				};
			};
			buildConfigurationList = E5EA439721D8D0E00053FAEC /* Build configuration list for PBXProject "myPrApp" */;
			compatibilityVersion = "Xcode 9.3";
			developmentRegion = en;
			hasScannedForEncodings = 0;
			knownRegions = (
				en,
				Base,
			);
			mainGroup = E5EA439321D8D0E00053FAEC;
			productRefGroup = E5EA439D21D8D0E00053FAEC /* Products */;
			projectDirPath = "";
			projectRoot = "";
			targets = (
				E5EA439B21D8D0E00053FAEC /* myPrApp */,
			);
		};
/* End PBXProject section */

/* Begin PBXResourcesBuildPhase section */
		E5EA439A21D8D0E00053FAEC /* Resources */ = {
			isa = PBXResourcesBuildPhase;
			buildActionMask = 2147483647;
			files = (
				E548BA1321F9E6D6006CEDAC /* arrow.png in Resources */,
				E5EA43B521D8D1520053FAEC /* preparation.png in Resources */,
				E548BA1521FAD987006CEDAC /* simplebag.png in Resources */,
				E5EA43AD21D8D0E10053FAEC /* LaunchScreen.storyboard in Resources */,
				E5D247602201DE6B009D7022 /* Don't Forget!.png in Resources */,
				E550C35422003EB300861D55 /* 3101-first-checked.json in Resources */,
				E5EA43AA21D8D0E10053FAEC /* Assets.xcassets in Resources */,
				E5D2479D220413CB009D7022 /* 3091-process-complete.json in Resources */,
				E5EA43A521D8D0E00053FAEC /* Main.storyboard in Resources */,
				E5EA43BB21D9CBD80053FAEC /* Langage.png in Resources */,
				E5EA43B721D8D1890053FAEC /* setting.png in Resources */,
			);
			runOnlyForDeploymentPostprocessing = 0;
		};
/* End PBXResourcesBuildPhase section */

/* Begin PBXShellScriptBuildPhase section */
		2A3A56BA758599D4574A4F9A /* [CP] Embed Pods Frameworks */ = {
			isa = PBXShellScriptBuildPhase;
			buildActionMask = 2147483647;
			files = (
			);
			inputFileListPaths = (
			);
			inputPaths = (
				"${SRCROOT}/Pods/Target Support Files/Pods-myPrApp/Pods-myPrApp-frameworks.sh",
				"${BUILT_PRODUCTS_DIR}/lottie-ios/Lottie.framework",
			);
			name = "[CP] Embed Pods Frameworks";
			outputFileListPaths = (
			);
			outputPaths = (
				"${TARGET_BUILD_DIR}/${FRAMEWORKS_FOLDER_PATH}/Lottie.framework",
			);
			runOnlyForDeploymentPostprocessing = 0;
			shellPath = /bin/sh;
			shellScript = "\"${SRCROOT}/Pods/Target Support Files/Pods-myPrApp/Pods-myPrApp-frameworks.sh\"\n";
			showEnvVarsInLog = 0;
		};
		94F3EC66F66243D4BEAF63C9 /* [CP] Check Pods Manifest.lock */ = {
			isa = PBXShellScriptBuildPhase;
			buildActionMask = 2147483647;
			files = (
			);
			inputFileListPaths = (
			);
			inputPaths = (
				"${PODS_PODFILE_DIR_PATH}/Podfile.lock",
				"${PODS_ROOT}/Manifest.lock",
			);
			name = "[CP] Check Pods Manifest.lock";
			outputFileListPaths = (
			);
			outputPaths = (
				"$(DERIVED_FILE_DIR)/Pods-myPrApp-checkManifestLockResult.txt",
			);
			runOnlyForDeploymentPostprocessing = 0;
			shellPath = /bin/sh;
			shellScript = "diff \"${PODS_PODFILE_DIR_PATH}/Podfile.lock\" \"${PODS_ROOT}/Manifest.lock\" > /dev/null\nif [ $? != 0 ] ; then\n    # print error to STDERR\n    echo \"error: The sandbox is not in sync with the Podfile.lock. Run 'pod install' or update your CocoaPods installation.\" >&2\n    exit 1\nfi\n# This output is used by Xcode 'outputs' to avoid re-running this script phase.\necho \"SUCCESS\" > \"${SCRIPT_OUTPUT_FILE_0}\"\n";
			showEnvVarsInLog = 0;
		};
/* End PBXShellScriptBuildPhase section */

/* Begin PBXSourcesBuildPhase section */
		E5EA439821D8D0E00053FAEC /* Sources */ = {
			isa = PBXSourcesBuildPhase;
			buildActionMask = 2147483647;
			files = (
				E5EA43B921D9130E0053FAEC /* LangViewController.swift in Sources */,
				E5EA43A821D8D0E00053FAEC /* myPrApp.xcdatamodeld in Sources */,
				E5D2479B22041250009D7022 /* FinishPreparingViewController.swift in Sources */,
				E505D81F21E332C800F1866E /* QuestionViewController.swift in Sources */,
				E505D82621E5BE5C00F1866E /* subQuestionViewController.swift in Sources */,
				E55BFF2121EC63ED00CF1CFC /* SetUserViewController.swift in Sources */,
				E52D624C21E5DF2F00754FCE /* DepDateTimeViewController.swift in Sources */,
				E5EA43BD21DA09990053FAEC /* UserTypeViewController.swift in Sources */,
				E55BFF2321EDBA7300CF1CFC /* Button_Custom.swift in Sources */,
				E5EA43A221D8D0E00053FAEC /* ViewController.swift in Sources */,
				E55BFF2821EDC64400CF1CFC /* BelongingConfirmViewController.swift in Sources */,
				E524E39121DF3D8D009AF942 /* PrepareTopViewController.swift in Sources */,
				E55BFF4D21EF131800CF1CFC /* cameraViewController.swift in Sources */,
				E5EA43A021D8D0E00053FAEC /* AppDelegate.swift in Sources */,
				E5D24797220369F9009D7022 /* GroomingCameraViewController.swift in Sources */,
			);
			runOnlyForDeploymentPostprocessing = 0;
		};
/* End PBXSourcesBuildPhase section */

/* Begin PBXVariantGroup section */
		E5EA43A321D8D0E00053FAEC /* Main.storyboard */ = {
			isa = PBXVariantGroup;
			children = (
				E5EA43A421D8D0E00053FAEC /* Base */,
			);
			name = Main.storyboard;
			sourceTree = "<group>";
		};
		E5EA43AB21D8D0E10053FAEC /* LaunchScreen.storyboard */ = {
			isa = PBXVariantGroup;
			children = (
				E5EA43AC21D8D0E10053FAEC /* Base */,
			);
			name = LaunchScreen.storyboard;
			sourceTree = "<group>";
		};
/* End PBXVariantGroup section */

/* Begin XCBuildConfiguration section */
		E5EA43AF21D8D0E10053FAEC /* Debug */ = {
			isa = XCBuildConfiguration;
			buildSettings = {
				ALWAYS_SEARCH_USER_PATHS = NO;
				CLANG_ANALYZER_NONNULL = YES;
				CLANG_ANALYZER_NUMBER_OBJECT_CONVERSION = YES_AGGRESSIVE;
				CLANG_CXX_LANGUAGE_STANDARD = "gnu++14";
				CLANG_CXX_LIBRARY = "libc++";
				CLANG_ENABLE_MODULES = YES;
				CLANG_ENABLE_OBJC_ARC = YES;
				CLANG_ENABLE_OBJC_WEAK = YES;
				CLANG_WARN_BLOCK_CAPTURE_AUTORELEASING = YES;
				CLANG_WARN_BOOL_CONVERSION = YES;
				CLANG_WARN_COMMA = YES;
				CLANG_WARN_CONSTANT_CONVERSION = YES;
				CLANG_WARN_DEPRECATED_OBJC_IMPLEMENTATIONS = YES;
				CLANG_WARN_DIRECT_OBJC_ISA_USAGE = YES_ERROR;
				CLANG_WARN_DOCUMENTATION_COMMENTS = YES;
				CLANG_WARN_EMPTY_BODY = YES;
				CLANG_WARN_ENUM_CONVERSION = YES;
				CLANG_WARN_INFINITE_RECURSION = YES;
				CLANG_WARN_INT_CONVERSION = YES;
				CLANG_WARN_NON_LITERAL_NULL_CONVERSION = YES;
				CLANG_WARN_OBJC_IMPLICIT_RETAIN_SELF = YES;
				CLANG_WARN_OBJC_LITERAL_CONVERSION = YES;
				CLANG_WARN_OBJC_ROOT_CLASS = YES_ERROR;
				CLANG_WARN_RANGE_LOOP_ANALYSIS = YES;
				CLANG_WARN_STRICT_PROTOTYPES = YES;
				CLANG_WARN_SUSPICIOUS_MOVE = YES;
				CLANG_WARN_UNGUARDED_AVAILABILITY = YES_AGGRESSIVE;
				CLANG_WARN_UNREACHABLE_CODE = YES;
				CLANG_WARN__DUPLICATE_METHOD_MATCH = YES;
				CODE_SIGN_IDENTITY = "iPhone Developer";
				COPY_PHASE_STRIP = NO;
				DEBUG_INFORMATION_FORMAT = dwarf;
				ENABLE_STRICT_OBJC_MSGSEND = YES;
				ENABLE_TESTABILITY = YES;
				GCC_C_LANGUAGE_STANDARD = gnu11;
				GCC_DYNAMIC_NO_PIC = NO;
				GCC_NO_COMMON_BLOCKS = YES;
				GCC_OPTIMIZATION_LEVEL = 0;
				GCC_PREPROCESSOR_DEFINITIONS = (
					"DEBUG=1",
					"$(inherited)",
				);
				GCC_WARN_64_TO_32_BIT_CONVERSION = YES;
				GCC_WARN_ABOUT_RETURN_TYPE = YES_ERROR;
				GCC_WARN_UNDECLARED_SELECTOR = YES;
				GCC_WARN_UNINITIALIZED_AUTOS = YES_AGGRESSIVE;
				GCC_WARN_UNUSED_FUNCTION = YES;
				GCC_WARN_UNUSED_VARIABLE = YES;
				IPHONEOS_DEPLOYMENT_TARGET = 12.1;
				MTL_ENABLE_DEBUG_INFO = INCLUDE_SOURCE;
				MTL_FAST_MATH = YES;
				ONLY_ACTIVE_ARCH = YES;
				SDKROOT = iphoneos;
				SWIFT_ACTIVE_COMPILATION_CONDITIONS = DEBUG;
				SWIFT_OPTIMIZATION_LEVEL = "-Onone";
			};
			name = Debug;
		};
		E5EA43B021D8D0E10053FAEC /* Release */ = {
			isa = XCBuildConfiguration;
			buildSettings = {
				ALWAYS_SEARCH_USER_PATHS = NO;
				CLANG_ANALYZER_NONNULL = YES;
				CLANG_ANALYZER_NUMBER_OBJECT_CONVERSION = YES_AGGRESSIVE;
				CLANG_CXX_LANGUAGE_STANDARD = "gnu++14";
				CLANG_CXX_LIBRARY = "libc++";
				CLANG_ENABLE_MODULES = YES;
				CLANG_ENABLE_OBJC_ARC = YES;
				CLANG_ENABLE_OBJC_WEAK = YES;
				CLANG_WARN_BLOCK_CAPTURE_AUTORELEASING = YES;
				CLANG_WARN_BOOL_CONVERSION = YES;
				CLANG_WARN_COMMA = YES;
				CLANG_WARN_CONSTANT_CONVERSION = YES;
				CLANG_WARN_DEPRECATED_OBJC_IMPLEMENTATIONS = YES;
				CLANG_WARN_DIRECT_OBJC_ISA_USAGE = YES_ERROR;
				CLANG_WARN_DOCUMENTATION_COMMENTS = YES;
				CLANG_WARN_EMPTY_BODY = YES;
				CLANG_WARN_ENUM_CONVERSION = YES;
				CLANG_WARN_INFINITE_RECURSION = YES;
				CLANG_WARN_INT_CONVERSION = YES;
				CLANG_WARN_NON_LITERAL_NULL_CONVERSION = YES;
				CLANG_WARN_OBJC_IMPLICIT_RETAIN_SELF = YES;
				CLANG_WARN_OBJC_LITERAL_CONVERSION = YES;
				CLANG_WARN_OBJC_ROOT_CLASS = YES_ERROR;
				CLANG_WARN_RANGE_LOOP_ANALYSIS = YES;
				CLANG_WARN_STRICT_PROTOTYPES = YES;
				CLANG_WARN_SUSPICIOUS_MOVE = YES;
				CLANG_WARN_UNGUARDED_AVAILABILITY = YES_AGGRESSIVE;
				CLANG_WARN_UNREACHABLE_CODE = YES;
				CLANG_WARN__DUPLICATE_METHOD_MATCH = YES;
				CODE_SIGN_IDENTITY = "iPhone Developer";
				COPY_PHASE_STRIP = NO;
				DEBUG_INFORMATION_FORMAT = "dwarf-with-dsym";
				ENABLE_NS_ASSERTIONS = NO;
				ENABLE_STRICT_OBJC_MSGSEND = YES;
				GCC_C_LANGUAGE_STANDARD = gnu11;
				GCC_NO_COMMON_BLOCKS = YES;
				GCC_WARN_64_TO_32_BIT_CONVERSION = YES;
				GCC_WARN_ABOUT_RETURN_TYPE = YES_ERROR;
				GCC_WARN_UNDECLARED_SELECTOR = YES;
				GCC_WARN_UNINITIALIZED_AUTOS = YES_AGGRESSIVE;
				GCC_WARN_UNUSED_FUNCTION = YES;
				GCC_WARN_UNUSED_VARIABLE = YES;
				IPHONEOS_DEPLOYMENT_TARGET = 12.1;
				MTL_ENABLE_DEBUG_INFO = NO;
				MTL_FAST_MATH = YES;
				SDKROOT = iphoneos;
				SWIFT_COMPILATION_MODE = wholemodule;
				SWIFT_OPTIMIZATION_LEVEL = "-O";
				VALIDATE_PRODUCT = YES;
			};
			name = Release;
		};
		E5EA43B221D8D0E10053FAEC /* Debug */ = {
			isa = XCBuildConfiguration;
			baseConfigurationReference = 667E2EB321B83BC429C8F7E1 /* Pods-myPrApp.debug.xcconfig */;
			buildSettings = {
				ASSETCATALOG_COMPILER_APPICON_NAME = AppIcon;
				CODE_SIGN_STYLE = Automatic;
				DEVELOPMENT_TEAM = 9ZJH93GWP3;
				INFOPLIST_FILE = myPrApp/Info.plist;
				LD_RUNPATH_SEARCH_PATHS = (
					"$(inherited)",
					"@executable_path/Frameworks",
				);
				PRODUCT_BUNDLE_IDENTIFIER = com.kazuyanakazato.myPrApp;
				PRODUCT_NAME = "$(TARGET_NAME)";
				SWIFT_VERSION = 4.2;
				TARGETED_DEVICE_FAMILY = "1,2";
			};
			name = Debug;
		};
		E5EA43B321D8D0E10053FAEC /* Release */ = {
			isa = XCBuildConfiguration;
			baseConfigurationReference = 175ED541D5F2C456E53AB28B /* Pods-myPrApp.release.xcconfig */;
			buildSettings = {
				ASSETCATALOG_COMPILER_APPICON_NAME = AppIcon;
				CODE_SIGN_STYLE = Automatic;
				DEVELOPMENT_TEAM = 9ZJH93GWP3;
				INFOPLIST_FILE = myPrApp/Info.plist;
				LD_RUNPATH_SEARCH_PATHS = (
					"$(inherited)",
					"@executable_path/Frameworks",
				);
				PRODUCT_BUNDLE_IDENTIFIER = com.kazuyanakazato.myPrApp;
				PRODUCT_NAME = "$(TARGET_NAME)";
				SWIFT_VERSION = 4.2;
				TARGETED_DEVICE_FAMILY = "1,2";
			};
			name = Release;
		};
/* End XCBuildConfiguration section */

/* Begin XCConfigurationList section */
		E5EA439721D8D0E00053FAEC /* Build configuration list for PBXProject "myPrApp" */ = {
			isa = XCConfigurationList;
			buildConfigurations = (
				E5EA43AF21D8D0E10053FAEC /* Debug */,
				E5EA43B021D8D0E10053FAEC /* Release */,
			);
			defaultConfigurationIsVisible = 0;
			defaultConfigurationName = Release;
		};
		E5EA43B121D8D0E10053FAEC /* Build configuration list for PBXNativeTarget "myPrApp" */ = {
			isa = XCConfigurationList;
			buildConfigurations = (
				E5EA43B221D8D0E10053FAEC /* Debug */,
				E5EA43B321D8D0E10053FAEC /* Release */,
			);
			defaultConfigurationIsVisible = 0;
			defaultConfigurationName = Release;
		};
/* End XCConfigurationList section */

/* Begin XCVersionGroup section */
		E5EA43A621D8D0E00053FAEC /* myPrApp.xcdatamodeld */ = {
			isa = XCVersionGroup;
			children = (
				E5EA43A721D8D0E00053FAEC /* myPrApp.xcdatamodel */,
			);
			currentVersion = E5EA43A721D8D0E00053FAEC /* myPrApp.xcdatamodel */;
			path = myPrApp.xcdatamodeld;
			sourceTree = "<group>";
			versionGroupType = wrapper.xcdatamodel;
		};
/* End XCVersionGroup section */
	};
	rootObject = E5EA439421D8D0E00053FAEC /* Project object */;
}
